
Microsoft Visual Studio Solution File, Format Version 12.00
# Visual Studio Version 17
VisualStudioVersion = 17.11.35312.102
MinimumVisualStudioVersion = 10.0.40219.1
Project("{8BC9CEB8-8B4A-11D0-8D11-00A0C91BC942}") = "PG3_01_01", "PG3_01_01.vcxproj", "{B7786505-C1B6-436A-AE1B-4797CE8C90BF}"
EndProject
Project("{2150E333-8FDC-42A3-9474-1A3956D46DE8}") = "ソリューション項目", "ソリューション項目", "{58827F02-995E-4A68-9F11-98766A1B33F8}"
	ProjectSection(SolutionItems) = preProject
		.editorconfig = .editorconfig
	EndProjectSection
EndProject
Global
	GlobalSection(SolutionConfigurationPlatforms) = preSolution
		Debug|x64 = Debug|x64
		Debug|x86 = Debug|x86
		Release|x64 = Release|x64
		Release|x86 = Release|x86
	EndGlobalSection
	GlobalSection(ProjectConfigurationPlatforms) = postSolution
		{B7786505-C1B6-436A-AE1B-4797CE8C90BF}.Debug|x64.ActiveCfg = Debug|x64
		{B7786505-C1B6-436A-AE1B-4797CE8C90BF}.Debug|x64.Build.0 = Debug|x64
		{B7786505-C1B6-436A-AE1B-4797CE8C90BF}.Debug|x86.ActiveCfg = Debug|Win32
		{B7786505-C1B6-436A-AE1B-4797CE8C90BF}.Debug|x86.Build.0 = Debug|Win32
		{B7786505-C1B6-436A-AE1B-4797CE8C90BF}.Release|x64.ActiveCfg = Release|x64
		{B7786505-C1B6-436A-AE1B-4797CE8C90BF}.Release|x64.Build.0 = Release|x64
		{B7786505-C1B6-436A-AE1B-4797CE8C90BF}.Release|x86.ActiveCfg = Release|Win32
		{B7786505-C1B6-436A-AE1B-4797CE8C90BF}.Release|x86.Build.0 = Release|Win32
	EndGlobalSection
	GlobalSection(SolutionProperties) = preSolution
		HideSolutionNode = FALSE
	EndGlobalSection
	GlobalSection(ExtensibilityGlobals) = postSolution
		SolutionGuid = {942DCD24-CAC1-4962-9B47-73EF7C97B898}
	EndGlobalSection
EndGlobal
